{
    "_readme": [
        "This file locks the dependencies of your project to a known state",
        "Read more about it at http://getcomposer.org/doc/01-basic-usage.md#composer-lock-the-lock-file",
        "This file is @generated automatically"
    ],
    "hash": "098023e56442a7d3f73b0ac05f1bff31",
    "packages": [
        {
            "name": "league/csv",
            "version": "6.3.0",
            "source": {
                "type": "git",
                "url": "https://github.com/thephpleague/csv.git",
                "reference": "5ffb2b42ed5d7ae20d80d4480b34743f5086d4a8"
            },
            "dist": {
                "type": "zip",
                "url": "https://api.github.com/repos/thephpleague/csv/zipball/5ffb2b42ed5d7ae20d80d4480b34743f5086d4a8",
                "reference": "5ffb2b42ed5d7ae20d80d4480b34743f5086d4a8",
                "shasum": ""
            },
            "require": {
                "ext-mbstring": "*",
                "php": ">=5.4.0"
            },
            "require-dev": {
                "phpunit/phpunit": "~4.0"
            },
            "type": "library",
            "extra": {
                "branch-alias": {
                    "dev-master": "6.3-dev"
                }
            },
            "autoload": {
                "psr-4": {
                    "League\\Csv\\": "src"
                }
            },
            "notification-url": "https://packagist.org/downloads/",
            "license": [
                "MIT"
            ],
            "authors": [
                {
                    "name": "Ignace Nyamagana Butera",
                    "email": "nyamsprod@gmail.com",
                    "homepage": "https://github.com/nyamsprod/",
                    "role": "Developer"
                }
            ],
            "description": "Csv data manipulation made easy in PHP",
            "keywords": [
                "csv",
                "export",
                "filter",
                "import",
                "read",
                "write"
            ],
            "time": "2015-01-21 12:06:27"
        },
        {
            "name": "phpoffice/phpexcel",
            "version": "1.8.0",
            "source": {
                "type": "git",
                "url": "https://github.com/PHPOffice/PHPExcel.git",
                "reference": "e69a5e4d0ffa7fb6f171859e0a04346e580df30b"
            },
            "dist": {
                "type": "zip",
                "url": "https://api.github.com/repos/PHPOffice/PHPExcel/zipball/e69a5e4d0ffa7fb6f171859e0a04346e580df30b",
                "reference": "e69a5e4d0ffa7fb6f171859e0a04346e580df30b",
                "shasum": ""
            },
            "require": {
                "ext-xml": "*",
                "ext-xmlwriter": "*",
                "php": ">=5.2.0"
            },
            "type": "library",
            "autoload": {
                "psr-0": {
                    "PHPExcel": "Classes/"
                }
            },
            "notification-url": "https://packagist.org/downloads/",
            "license": [
                "LGPL"
            ],
            "authors": [
                {
                    "name": "Maarten Balliauw",
                    "homepage": "http://blog.maartenballiauw.be"
                },
                {
                    "name": "Mark Baker"
                },
                {
                    "name": "Franck Lefevre",
                    "homepage": "http://blog.rootslabs.net"
                },
                {
                    "name": "Erik Tilt"
                }
            ],
            "description": "PHPExcel - OpenXML - Read, Create and Write Spreadsheet documents in PHP - Spreadsheet engine",
            "homepage": "http://phpexcel.codeplex.com",
            "keywords": [
                "OpenXML",
                "excel",
                "php",
                "spreadsheet",
                "xls",
                "xlsx"
            ],
            "time": "2014-03-02 15:22:49"
        },
        {
            "name": "plumphp/plum",
            "version": "dev-master",
            "source": {
                "type": "git",
                "url": "https://github.com/plumphp/plum.git",
                "reference": "31114da577135e1c833b84a05b3b654cb2e52d1f"
            },
            "dist": {
                "type": "zip",
                "url": "https://api.github.com/repos/plumphp/plum/zipball/31114da577135e1c833b84a05b3b654cb2e52d1f",
                "reference": "31114da577135e1c833b84a05b3b654cb2e52d1f",
                "shasum": ""
            },
            "require": {
                "symfony/property-access": "~2.4"
            },
            "require-dev": {
                "mikey179/vfsstream": "~1.4",
                "mockery/mockery": "~0.9",
                "phpunit/phpunit": "~4.3"
            },
            "type": "library",
            "autoload": {
                "psr-4": {
                    "Plum\\Plum\\": "src"
                }
            },
            "notification-url": "https://packagist.org/downloads/",
            "license": [
                "MIT"
            ],
            "authors": [
                {
                    "name": "Florian Eckerstorfer",
                    "email": "florian@eckerstorfer.co"
                }
            ],
            "description": "Plum is a data processing pipeline that helps you to write structured, reusable and well tested data processing code.",
            "time": "2015-03-13 13:00:22"
        },
        {
            "name": "plumphp/plum-console",
            "version": "dev-master",
            "source": {
                "type": "git",
                "url": "https://github.com/plumphp/plum-console.git",
                "reference": "ad11e55dc1ce9b2e0aecde3fa6b527e5ff283948"
            },
            "dist": {
                "type": "zip",
                "url": "https://api.github.com/repos/plumphp/plum-console/zipball/ad11e55dc1ce9b2e0aecde3fa6b527e5ff283948",
                "reference": "ad11e55dc1ce9b2e0aecde3fa6b527e5ff283948",
                "shasum": ""
            },
            "require": {
                "plumphp/plum": "dev-master@dev",
                "symfony/console": "~2.5"
            },
            "require-dev": {
                "mockery/mockery": "~0.9",
                "phpunit/phpunit": "~4.3"
            },
            "type": "library",
            "autoload": {
                "psr-4": {
                    "Plum\\PlumConsole\\": "src"
                }
            },
            "notification-url": "https://packagist.org/downloads/",
            "license": [
                "MIT"
            ],
            "authors": [
                {
                    "name": "Florian Eckerstorfer",
                    "email": "florian@eckerstorfer.co"
                }
            ],
            "description": "Integrates the Symfony Console component into Plum.",
            "time": "2015-02-11 21:56:56"
        },
        {
            "name": "plumphp/plum-csv",
            "version": "dev-master",
            "source": {
                "type": "git",
                "url": "https://github.com/plumphp/plum-csv.git",
                "reference": "007cc0dad93af25fbf35900099a19625f364a97b"
            },
            "dist": {
                "type": "zip",
                "url": "https://api.github.com/repos/plumphp/plum-csv/zipball/007cc0dad93af25fbf35900099a19625f364a97b",
                "reference": "007cc0dad93af25fbf35900099a19625f364a97b",
                "shasum": ""
            },
            "require": {
                "league/csv": "~6.3",
                "plumphp/plum": "dev-master@dev"
            },
            "require-dev": {
                "mikey179/vfsstream": "~1.4",
                "phpunit/phpunit": "~4.3"
            },
            "type": "library",
            "autoload": {
                "psr-4": {
                    "Plum\\PlumCsv\\": "src"
                }
            },
            "notification-url": "https://packagist.org/downloads/",
            "time": "2015-03-13 13:15:18"
        },
        {
            "name": "plumphp/plum-excel",
            "version": "dev-master",
            "source": {
                "type": "git",
                "url": "https://github.com/plumphp/plum-excel.git",
                "reference": "49c96851f2034ec65a7d395952d7f23871de5814"
            },
            "dist": {
                "type": "zip",
                "url": "https://api.github.com/repos/plumphp/plum-excel/zipball/49c96851f2034ec65a7d395952d7f23871de5814",
                "reference": "49c96851f2034ec65a7d395952d7f23871de5814",
                "shasum": ""
            },
            "require": {
                "phpoffice/phpexcel": "~1.8",
                "plumphp/plum": "dev-master@dev"
            },
            "require-dev": {
                "mikey179/vfsstream": "~1.4",
                "mockery/mockery": "~0.9",
                "phpunit/phpunit": "~4.3"
            },
            "type": "library",
            "autoload": {
                "psr-4": {
                    "Plum\\PlumExcel\\": "src"
                }
            },
            "notification-url": "https://packagist.org/downloads/",
            "time": "2015-03-04 13:06:42"
        },
        {
            "name": "symfony/console",
            "version": "v2.6.4",
            "target-dir": "Symfony/Component/Console",
            "source": {
                "type": "git",
                "url": "https://github.com/symfony/Console.git",
                "reference": "e44154bfe3e41e8267d7a3794cd9da9a51cfac34"
            },
            "dist": {
                "type": "zip",
                "url": "https://api.github.com/repos/symfony/Console/zipball/e44154bfe3e41e8267d7a3794cd9da9a51cfac34",
                "reference": "e44154bfe3e41e8267d7a3794cd9da9a51cfac34",
                "shasum": ""
            },
            "require": {
                "php": ">=5.3.3"
            },
            "require-dev": {
                "psr/log": "~1.0",
                "symfony/event-dispatcher": "~2.1",
                "symfony/process": "~2.1"
            },
            "suggest": {
                "psr/log": "For using the console logger",
                "symfony/event-dispatcher": "",
                "symfony/process": ""
            },
            "type": "library",
            "extra": {
                "branch-alias": {
                    "dev-master": "2.6-dev"
                }
            },
            "autoload": {
                "psr-0": {
                    "Symfony\\Component\\Console\\": ""
                }
            },
            "notification-url": "https://packagist.org/downloads/",
            "license": [
                "MIT"
            ],
            "authors": [
                {
                    "name": "Symfony Community",
                    "homepage": "http://symfony.com/contributors"
                },
                {
                    "name": "Fabien Potencier",
                    "email": "fabien@symfony.com"
                }
            ],
            "description": "Symfony Console Component",
            "homepage": "http://symfony.com",
            "time": "2015-01-25 04:39:26"
        },
        {
            "name": "symfony/property-access",
            "version": "v2.6.4",
            "target-dir": "Symfony/Component/PropertyAccess",
            "source": {
                "type": "git",
                "url": "https://github.com/symfony/PropertyAccess.git",
                "reference": "9c0b67ea9c1a2b59cc7afae9177cd3c5ca5ac608"
            },
            "dist": {
                "type": "zip",
                "url": "https://api.github.com/repos/symfony/PropertyAccess/zipball/9c0b67ea9c1a2b59cc7afae9177cd3c5ca5ac608",
                "reference": "9c0b67ea9c1a2b59cc7afae9177cd3c5ca5ac608",
                "shasum": ""
            },
            "require": {
                "php": ">=5.3.3"
            },
            "type": "library",
            "extra": {
                "branch-alias": {
                    "dev-master": "2.6-dev"
                }
            },
            "autoload": {
                "psr-0": {
                    "Symfony\\Component\\PropertyAccess\\": ""
                }
            },
            "notification-url": "https://packagist.org/downloads/",
            "license": [
                "MIT"
            ],
            "authors": [
                {
                    "name": "Symfony Community",
                    "homepage": "http://symfony.com/contributors"
                },
                {
                    "name": "Fabien Potencier",
                    "email": "fabien@symfony.com"
                }
            ],
            "description": "Symfony PropertyAccess Component",
            "homepage": "http://symfony.com",
            "keywords": [
                "access",
                "array",
                "extraction",
                "index",
                "injection",
                "object",
                "property",
                "property path",
                "reflection"
            ],
            "time": "2015-01-25 04:39:26"
        }
    ],
    "packages-dev": [],
    "aliases": [],
    "minimum-stability": "stable",
    "stability-flags": {
        "plumphp/plum": 20,
        "plumphp/plum-csv": 20,
        "plumphp/plum-excel": 20,
        "plumphp/plum-console": 20
    },
    "prefer-stable": false,
    "prefer-lowest": false,
    "platform": [],
    "platform-dev": []
}
